lockfileVersion: '6.1'

settings:
  autoInstallPeers: true
  excludeLinksFromLockfile: false

dependencies:
  issue-collection-md:
    specifier: ^0.1.1
    version: 0.1.1

packages:

  /@nmsn/md-maker@0.4.0:
    resolution: {integrity: sha512-d+s6n0YvR7NDrAxo8lRQh6b+U8b/JLn8Kv8C5Ag0ckLLm1PqQ0rTJyQ+1pT7lTwtXr40bqDMLiP8pl8TQpQj0w==}
    engines: {node: '>=16'}
    dev: false

  /@octokit/endpoint@9.0.0:
    resolution: {integrity: sha512-szrQhiqJ88gghWY2Htt8MqUDO6++E/EIXqJ2ZEp5ma3uGS46o7LZAzSLt49myB7rT+Hfw5Y6gO3LmOxGzHijAQ==}
    engines: {node: '>= 18'}
    dependencies:
      '@octokit/types': 11.1.0
      is-plain-object: 5.0.0
      universal-user-agent: 6.0.0
    dev: false

  /@octokit/openapi-types@18.0.0:
    resolution: {integrity: sha512-V8GImKs3TeQRxRtXFpG2wl19V7444NIOTDF24AWuIbmNaNYOQMWRbjcGDXV5B+0n887fgDcuMNOmlul+k+oJtw==}
    dev: false

  /@octokit/request-error@5.0.0:
    resolution: {integrity: sha512-1ue0DH0Lif5iEqT52+Rf/hf0RmGO9NWFjrzmrkArpG9trFfDM/efx00BJHdLGuro4BR/gECxCU2Twf5OKrRFsQ==}
    engines: {node: '>= 18'}
    dependencies:
      '@octokit/types': 11.1.0
      deprecation: 2.3.1
      once: 1.4.0
    dev: false

  /@octokit/request@8.1.0:
    resolution: {integrity: sha512-0gg/NwewU0iXctYBale0VVcCPqOtoW5lsog8cNBJgzV/CyTHa2gicUBOlNnzOk6pJkuwXI34qkq+uRm40PmD4A==}
    engines: {node: '>= 18'}
    dependencies:
      '@octokit/endpoint': 9.0.0
      '@octokit/request-error': 5.0.0
      '@octokit/types': 11.1.0
      is-plain-object: 5.0.0
      universal-user-agent: 6.0.0
    dev: false

  /@octokit/types@11.1.0:
    resolution: {integrity: sha512-Fz0+7GyLm/bHt8fwEqgvRBWwIV1S6wRRyq+V6exRKLVWaKGsuy6H9QFYeBVDV7rK6fO3XwHgQOPxv+cLj2zpXQ==}
    dependencies:
      '@octokit/openapi-types': 18.0.0
    dev: false

  /deprecation@2.3.1:
    resolution: {integrity: sha512-xmHIy4F3scKVwMsQ4WnVaS8bHOx0DmVwRywosKhaILI0ywMDWPtBSku2HNxRvF7jtwDRsoEwYQSfbxj8b7RlJQ==}
    dev: false

  /is-plain-object@5.0.0:
    resolution: {integrity: sha512-VRSzKkbMm5jMDoKLbltAkFQ5Qr7VDiTFGXxYFXXowVj387GeGNOCsOH6Msy00SGZ3Fp84b1Naa1psqgcCIEP5Q==}
    engines: {node: '>=0.10.0'}
    dev: false

  /issue-collection-md@0.1.1:
    resolution: {integrity: sha512-ev5DQS36xqd8INvZ3aRrXzC0RYsCY12JaD3GFoMHUAMsU6DRqrEiMCMmoDrchGRpm087xtJdSpRw8J5JCHRa7w==}
    engines: {node: '>=16'}
    dependencies:
      '@nmsn/md-maker': 0.4.0
      '@octokit/request': 8.1.0
    dev: false

  /once@1.4.0:
    resolution: {integrity: sha512-lNaJgI+2Q5URQBkccEKHTQOPaXdUxnZZElQTZY0MFUAuaEqe1E+Nyvgdz/aIyNi6Z9MzO5dv1H8n58/GELp3+w==}
    dependencies:
      wrappy: 1.0.2
    dev: false

  /universal-user-agent@6.0.0:
    resolution: {integrity: sha512-isyNax3wXoKaulPDZWHQqbmIx1k2tb9fb3GGDBRxCscfYV2Ch7WxPArBsFEG8s/safwXTT7H4QGhaIkTp9447w==}
    dev: false

  /wrappy@1.0.2:
    resolution: {integrity: sha512-l4Sp/DRseor9wL6EvV2+TuQn63dMkPjZ/sp9XkghTEbV9KlPS1xUsZ3u7/IQO4wxtcFB4bgpQPRcR3QCvezPcQ==}
    dev: false
